schema: '2.0'
stages:
  data_handling:
    cmd: "python future_sales_prediction_2024/data_handling.py --items gs://my-dvc-bucket_future_prections/raw_data/items.csv
      --categories gs://my-dvc-bucket_future_prections/raw_data/item_categories.csv
      --train gs://my-dvc-bucket_future_prections/raw_data/sales_train.csv --shops
      gs://my-dvc-bucket_future_prections/raw_data/shops.csv --test gs://my-dvc-bucket_future_prections/raw_data/test.csv
      --outdir gs://my-dvc-bucket_future_prections/preprocessed_data\n"
    deps:
    - path: future_sales_prediction_2024/data_handling.py
      hash: md5
      md5: eb89c21f9cdef2d8d1b616f0f0bf106e
      size: 10807
    - path: gs://my-dvc-bucket_future_prections/raw_data/item_categories.csv
      hash: md5
      etag: 08fca9dbf3ab818a031001
      size: 3573
      version_id: '1732876470506748'
    - path: gs://my-dvc-bucket_future_prections/raw_data/items.csv
      hash: md5
      etag: 08d383bdf3ab818a031001
      size: 1568417
      version_id: '1732876470010323'
    - path: gs://my-dvc-bucket_future_prections/raw_data/sales_train.csv
      hash: md5
      etag: 08caf887f9ab818a031001
      size: 94603866
      version_id: '1732876481723466'
    - path: gs://my-dvc-bucket_future_prections/raw_data/shops.csv
      hash: md5
      etag: 08f6b5a6f9ab818a031001
      size: 2977
      version_id: '1732876482222838'
    - path: gs://my-dvc-bucket_future_prections/raw_data/test.csv
      hash: md5
      etag: 08ec8b86faab818a031001
      size: 3182735
      version_id: '1732876483790316'
    outs:
    - path: gs://my-dvc-bucket_future_prections/preprocessed_data/full_data.csv
      hash: md5
      etag: 08cc8187b8fd818a031001
      size: 384855586
      version_id: '1732898357100748'
    - path: gs://my-dvc-bucket_future_prections/preprocessed_data/train.csv
      hash: md5
      etag: 08e8b7ecc7fd818a031001
      size: 135762613
      version_id: '1732898390219752'
  feature_extraction:
    cmd: "python future_sales_prediction_2024/feature_extraction.py --full_data gs://my-dvc-bucket_future_prections/preprocessed_data/full_data.csv
      --train gs://my-dvc-bucket_future_prections/preprocessed_data/train.csv --outdir
      gs://my-dvc-bucket_future_prections/preprocessed_data\n"
    deps:
    - path: future_sales_prediction_2024/feature_extraction.py
      hash: md5
      md5: 258a6ce070359be7ccda6a5a555900bb
      size: 17797
    - path: gs://my-dvc-bucket_future_prections/preprocessed_data/full_data.csv
      hash: md5
      etag: 08cc8187b8fd818a031001
      size: 384855586
      version_id: '1732898357100748'
    - path: gs://my-dvc-bucket_future_prections/preprocessed_data/train.csv
      hash: md5
      etag: 08e8b7ecc7fd818a031001
      size: 135762613
      version_id: '1732898390219752'
    outs:
    - path: gs://my-dvc-bucket_future_prections/preprocessed_data/full_featured_data.csv
      hash: md5
      etag: 089fbfe2a582828a031001
      size: 1906047505
      version_id: '1732899660930975'
